
Microsoft Visual Studio Solution File, Format Version 12.00
# Visual Studio Version 16
VisualStudioVersion = 16.0.30114.105
MinimumVisualStudioVersion = 10.0.40219.1
Project("{FAE04EC0-301F-11D3-BF4B-00C04F79EFBC}") = "Test", "Test\Test.csproj", "{049DB6C3-A79D-4549-A1C8-4B61BCC32B2A}"
EndProject
Project("{FAE04EC0-301F-11D3-BF4B-00C04F79EFBC}") = "Game", "Game\Game.csproj", "{212C33D6-D5DA-4409-BFD0-A4F28DEEEE0A}"
EndProject
Project("{FAE04EC0-301F-11D3-BF4B-00C04F79EFBC}") = "Table", "Table\Table.csproj", "{D3FD35A2-301E-4D1B-9BCF-A2189ADBE65C}"
EndProject
Project("{FAE04EC0-301F-11D3-BF4B-00C04F79EFBC}") = "Player", "Player\Player.csproj", "{007FF7B8-3890-4BB2-80D3-B15563FC34AA}"
EndProject
Project("{FAE04EC0-301F-11D3-BF4B-00C04F79EFBC}") = "Rules", "Rules\Rules.csproj", "{31571934-56C2-46FA-8A32-3A706D14A7E6}"
EndProject
Project("{FAE04EC0-301F-11D3-BF4B-00C04F79EFBC}") = "InfoGame", "InfoGame\InfoGame.csproj", "{5B6FE2D1-C72B-4E3E-BA2B-9B61D7F9BF46}"
EndProject
Global
	GlobalSection(SolutionConfigurationPlatforms) = preSolution
		Debug|Any CPU = Debug|Any CPU
		Release|Any CPU = Release|Any CPU
	EndGlobalSection
	GlobalSection(SolutionProperties) = preSolution
		HideSolutionNode = FALSE
	EndGlobalSection
	GlobalSection(ProjectConfigurationPlatforms) = postSolution
		{049DB6C3-A79D-4549-A1C8-4B61BCC32B2A}.Debug|Any CPU.ActiveCfg = Debug|Any CPU
		{049DB6C3-A79D-4549-A1C8-4B61BCC32B2A}.Debug|Any CPU.Build.0 = Debug|Any CPU
		{049DB6C3-A79D-4549-A1C8-4B61BCC32B2A}.Release|Any CPU.ActiveCfg = Release|Any CPU
		{049DB6C3-A79D-4549-A1C8-4B61BCC32B2A}.Release|Any CPU.Build.0 = Release|Any CPU
		{212C33D6-D5DA-4409-BFD0-A4F28DEEEE0A}.Debug|Any CPU.ActiveCfg = Debug|Any CPU
		{212C33D6-D5DA-4409-BFD0-A4F28DEEEE0A}.Debug|Any CPU.Build.0 = Debug|Any CPU
		{212C33D6-D5DA-4409-BFD0-A4F28DEEEE0A}.Release|Any CPU.ActiveCfg = Release|Any CPU
		{212C33D6-D5DA-4409-BFD0-A4F28DEEEE0A}.Release|Any CPU.Build.0 = Release|Any CPU
		{D3FD35A2-301E-4D1B-9BCF-A2189ADBE65C}.Debug|Any CPU.ActiveCfg = Debug|Any CPU
		{D3FD35A2-301E-4D1B-9BCF-A2189ADBE65C}.Debug|Any CPU.Build.0 = Debug|Any CPU
		{D3FD35A2-301E-4D1B-9BCF-A2189ADBE65C}.Release|Any CPU.ActiveCfg = Release|Any CPU
		{D3FD35A2-301E-4D1B-9BCF-A2189ADBE65C}.Release|Any CPU.Build.0 = Release|Any CPU
		{007FF7B8-3890-4BB2-80D3-B15563FC34AA}.Debug|Any CPU.ActiveCfg = Debug|Any CPU
		{007FF7B8-3890-4BB2-80D3-B15563FC34AA}.Debug|Any CPU.Build.0 = Debug|Any CPU
		{007FF7B8-3890-4BB2-80D3-B15563FC34AA}.Release|Any CPU.ActiveCfg = Release|Any CPU
		{007FF7B8-3890-4BB2-80D3-B15563FC34AA}.Release|Any CPU.Build.0 = Release|Any CPU
		{31571934-56C2-46FA-8A32-3A706D14A7E6}.Debug|Any CPU.ActiveCfg = Debug|Any CPU
		{31571934-56C2-46FA-8A32-3A706D14A7E6}.Debug|Any CPU.Build.0 = Debug|Any CPU
		{31571934-56C2-46FA-8A32-3A706D14A7E6}.Release|Any CPU.ActiveCfg = Release|Any CPU
		{31571934-56C2-46FA-8A32-3A706D14A7E6}.Release|Any CPU.Build.0 = Release|Any CPU
		{5B6FE2D1-C72B-4E3E-BA2B-9B61D7F9BF46}.Debug|Any CPU.ActiveCfg = Debug|Any CPU
		{5B6FE2D1-C72B-4E3E-BA2B-9B61D7F9BF46}.Debug|Any CPU.Build.0 = Debug|Any CPU
		{5B6FE2D1-C72B-4E3E-BA2B-9B61D7F9BF46}.Release|Any CPU.ActiveCfg = Release|Any CPU
		{5B6FE2D1-C72B-4E3E-BA2B-9B61D7F9BF46}.Release|Any CPU.Build.0 = Release|Any CPU
	EndGlobalSection
EndGlobal
