
Microsoft Visual Studio Solution File, Format Version 12.00
# Visual Studio Version 16
VisualStudioVersion = 16.0.30114.105
MinimumVisualStudioVersion = 10.0.40219.1
Project("{FAE04EC0-301F-11D3-BF4B-00C04F79EFBC}") = "Test", "Test\Test.csproj", "{049DB6C3-A79D-4549-A1C8-4B61BCC32B2A}"
EndProject
Project("{FAE04EC0-301F-11D3-BF4B-00C04F79EFBC}") = "Game", "Game\Game.csproj", "{212C33D6-D5DA-4409-BFD0-A4F28DEEEE0A}"
EndProject
Project("{FAE04EC0-301F-11D3-BF4B-00C04F79EFBC}") = "Table", "Table\Table.csproj", "{D3FD35A2-301E-4D1B-9BCF-A2189ADBE65C}"
EndProject
Project("{FAE04EC0-301F-11D3-BF4B-00C04F79EFBC}") = "InfoGame", "InfoGame\InfoGame.csproj", "{CBA3234F-6CBC-4502-883C-A01D7D7AABDE}"
EndProject
Project("{FAE04EC0-301F-11D3-BF4B-00C04F79EFBC}") = "Player", "Player\Player.csproj", "{0DFBF8C1-2583-4B14-B61D-968B9C79954F}"
EndProject
Project("{FAE04EC0-301F-11D3-BF4B-00C04F79EFBC}") = "Rules", "Rules\Rules.csproj", "{6697D998-3AD5-46E5-AD37-C25766B3B935}"
EndProject
Global
	GlobalSection(SolutionConfigurationPlatforms) = preSolution
		Debug|Any CPU = Debug|Any CPU
		Release|Any CPU = Release|Any CPU
	EndGlobalSection
	GlobalSection(SolutionProperties) = preSolution
		HideSolutionNode = FALSE
	EndGlobalSection
	GlobalSection(ProjectConfigurationPlatforms) = postSolution
		{049DB6C3-A79D-4549-A1C8-4B61BCC32B2A}.Debug|Any CPU.ActiveCfg = Debug|Any CPU
		{049DB6C3-A79D-4549-A1C8-4B61BCC32B2A}.Debug|Any CPU.Build.0 = Debug|Any CPU
		{049DB6C3-A79D-4549-A1C8-4B61BCC32B2A}.Release|Any CPU.ActiveCfg = Release|Any CPU
		{049DB6C3-A79D-4549-A1C8-4B61BCC32B2A}.Release|Any CPU.Build.0 = Release|Any CPU
		{212C33D6-D5DA-4409-BFD0-A4F28DEEEE0A}.Debug|Any CPU.ActiveCfg = Debug|Any CPU
		{212C33D6-D5DA-4409-BFD0-A4F28DEEEE0A}.Debug|Any CPU.Build.0 = Debug|Any CPU
		{212C33D6-D5DA-4409-BFD0-A4F28DEEEE0A}.Release|Any CPU.ActiveCfg = Release|Any CPU
		{212C33D6-D5DA-4409-BFD0-A4F28DEEEE0A}.Release|Any CPU.Build.0 = Release|Any CPU
		{D3FD35A2-301E-4D1B-9BCF-A2189ADBE65C}.Debug|Any CPU.ActiveCfg = Debug|Any CPU
		{D3FD35A2-301E-4D1B-9BCF-A2189ADBE65C}.Debug|Any CPU.Build.0 = Debug|Any CPU
		{D3FD35A2-301E-4D1B-9BCF-A2189ADBE65C}.Release|Any CPU.ActiveCfg = Release|Any CPU
		{D3FD35A2-301E-4D1B-9BCF-A2189ADBE65C}.Release|Any CPU.Build.0 = Release|Any CPU
		{CBA3234F-6CBC-4502-883C-A01D7D7AABDE}.Debug|Any CPU.ActiveCfg = Debug|Any CPU
		{CBA3234F-6CBC-4502-883C-A01D7D7AABDE}.Debug|Any CPU.Build.0 = Debug|Any CPU
		{CBA3234F-6CBC-4502-883C-A01D7D7AABDE}.Release|Any CPU.ActiveCfg = Release|Any CPU
		{CBA3234F-6CBC-4502-883C-A01D7D7AABDE}.Release|Any CPU.Build.0 = Release|Any CPU
		{0DFBF8C1-2583-4B14-B61D-968B9C79954F}.Debug|Any CPU.ActiveCfg = Debug|Any CPU
		{0DFBF8C1-2583-4B14-B61D-968B9C79954F}.Debug|Any CPU.Build.0 = Debug|Any CPU
		{0DFBF8C1-2583-4B14-B61D-968B9C79954F}.Release|Any CPU.ActiveCfg = Release|Any CPU
		{0DFBF8C1-2583-4B14-B61D-968B9C79954F}.Release|Any CPU.Build.0 = Release|Any CPU
		{6697D998-3AD5-46E5-AD37-C25766B3B935}.Debug|Any CPU.ActiveCfg = Debug|Any CPU
		{6697D998-3AD5-46E5-AD37-C25766B3B935}.Debug|Any CPU.Build.0 = Debug|Any CPU
		{6697D998-3AD5-46E5-AD37-C25766B3B935}.Release|Any CPU.ActiveCfg = Release|Any CPU
		{6697D998-3AD5-46E5-AD37-C25766B3B935}.Release|Any CPU.Build.0 = Release|Any CPU
	EndGlobalSection
EndGlobal
