
Microsoft Visual Studio Solution File, Format Version 12.00
# Visual Studio Version 16
VisualStudioVersion = 16.0.30114.105
MinimumVisualStudioVersion = 10.0.40219.1
Project("{2150E333-8FDC-42A3-9474-1A3956D46DE8}") = "n-ominoEngine", "n-ominoEngine", "{3C4AF272-12FA-4B58-BFCE-CCEEE12DB47A}"
EndProject
Project("{FAE04EC0-301F-11D3-BF4B-00C04F79EFBC}") = "Game", "n-ominoEngine\Game\Game.csproj", "{C9DFC0AC-C84E-4D02-A01C-8D761A267B48}"
EndProject
Project("{FAE04EC0-301F-11D3-BF4B-00C04F79EFBC}") = "Rules", "n-ominoEngine\Rules\Rules.csproj", "{009AF46F-E6E6-4C52-8DDA-4B5FECE6845F}"
EndProject
Project("{FAE04EC0-301F-11D3-BF4B-00C04F79EFBC}") = "InfoGame", "n-ominoEngine\InfoGame\InfoGame.csproj", "{D7AA48AF-E1F7-4C56-A940-6976A77C24C8}"
EndProject
Project("{FAE04EC0-301F-11D3-BF4B-00C04F79EFBC}") = "Table", "n-ominoEngine\Table\Table.csproj", "{D7C32684-CF44-42C6-A04D-A190144D5E41}"
EndProject
Project("{FAE04EC0-301F-11D3-BF4B-00C04F79EFBC}") = "Player", "n-ominoEngine\Player\Player.csproj", "{88FFF462-29C4-40A3-AACF-8856E63FD413}"
EndProject
Project("{FAE04EC0-301F-11D3-BF4B-00C04F79EFBC}") = "n-ominoServer", "n-ominoServer\n-ominoServer.csproj", "{EEF50E4B-BE1B-4E67-9983-C948E5ACD491}"
EndProject
Project("{FAE04EC0-301F-11D3-BF4B-00C04F79EFBC}") = "Test", "Test\Test.csproj", "{E0E4D247-72DD-4897-8C1D-57DAB4765AB5}"
EndProject
Global
	GlobalSection(SolutionConfigurationPlatforms) = preSolution
		Debug|Any CPU = Debug|Any CPU
		Release|Any CPU = Release|Any CPU
	EndGlobalSection
	GlobalSection(SolutionProperties) = preSolution
		HideSolutionNode = FALSE
	EndGlobalSection
	GlobalSection(ProjectConfigurationPlatforms) = postSolution
		{C9DFC0AC-C84E-4D02-A01C-8D761A267B48}.Debug|Any CPU.ActiveCfg = Debug|Any CPU
		{C9DFC0AC-C84E-4D02-A01C-8D761A267B48}.Debug|Any CPU.Build.0 = Debug|Any CPU
		{C9DFC0AC-C84E-4D02-A01C-8D761A267B48}.Release|Any CPU.ActiveCfg = Release|Any CPU
		{C9DFC0AC-C84E-4D02-A01C-8D761A267B48}.Release|Any CPU.Build.0 = Release|Any CPU
		{009AF46F-E6E6-4C52-8DDA-4B5FECE6845F}.Debug|Any CPU.ActiveCfg = Debug|Any CPU
		{009AF46F-E6E6-4C52-8DDA-4B5FECE6845F}.Debug|Any CPU.Build.0 = Debug|Any CPU
		{009AF46F-E6E6-4C52-8DDA-4B5FECE6845F}.Release|Any CPU.ActiveCfg = Release|Any CPU
		{009AF46F-E6E6-4C52-8DDA-4B5FECE6845F}.Release|Any CPU.Build.0 = Release|Any CPU
		{D7AA48AF-E1F7-4C56-A940-6976A77C24C8}.Debug|Any CPU.ActiveCfg = Debug|Any CPU
		{D7AA48AF-E1F7-4C56-A940-6976A77C24C8}.Debug|Any CPU.Build.0 = Debug|Any CPU
		{D7AA48AF-E1F7-4C56-A940-6976A77C24C8}.Release|Any CPU.ActiveCfg = Release|Any CPU
		{D7AA48AF-E1F7-4C56-A940-6976A77C24C8}.Release|Any CPU.Build.0 = Release|Any CPU
		{D7C32684-CF44-42C6-A04D-A190144D5E41}.Debug|Any CPU.ActiveCfg = Debug|Any CPU
		{D7C32684-CF44-42C6-A04D-A190144D5E41}.Debug|Any CPU.Build.0 = Debug|Any CPU
		{D7C32684-CF44-42C6-A04D-A190144D5E41}.Release|Any CPU.ActiveCfg = Release|Any CPU
		{D7C32684-CF44-42C6-A04D-A190144D5E41}.Release|Any CPU.Build.0 = Release|Any CPU
		{88FFF462-29C4-40A3-AACF-8856E63FD413}.Debug|Any CPU.ActiveCfg = Debug|Any CPU
		{88FFF462-29C4-40A3-AACF-8856E63FD413}.Debug|Any CPU.Build.0 = Debug|Any CPU
		{88FFF462-29C4-40A3-AACF-8856E63FD413}.Release|Any CPU.ActiveCfg = Release|Any CPU
		{88FFF462-29C4-40A3-AACF-8856E63FD413}.Release|Any CPU.Build.0 = Release|Any CPU
		{EEF50E4B-BE1B-4E67-9983-C948E5ACD491}.Debug|Any CPU.ActiveCfg = Debug|Any CPU
		{EEF50E4B-BE1B-4E67-9983-C948E5ACD491}.Debug|Any CPU.Build.0 = Debug|Any CPU
		{EEF50E4B-BE1B-4E67-9983-C948E5ACD491}.Release|Any CPU.ActiveCfg = Release|Any CPU
		{EEF50E4B-BE1B-4E67-9983-C948E5ACD491}.Release|Any CPU.Build.0 = Release|Any CPU
		{E0E4D247-72DD-4897-8C1D-57DAB4765AB5}.Debug|Any CPU.ActiveCfg = Debug|Any CPU
		{E0E4D247-72DD-4897-8C1D-57DAB4765AB5}.Debug|Any CPU.Build.0 = Debug|Any CPU
		{E0E4D247-72DD-4897-8C1D-57DAB4765AB5}.Release|Any CPU.ActiveCfg = Release|Any CPU
		{E0E4D247-72DD-4897-8C1D-57DAB4765AB5}.Release|Any CPU.Build.0 = Release|Any CPU
	EndGlobalSection
	GlobalSection(NestedProjects) = preSolution
		{C9DFC0AC-C84E-4D02-A01C-8D761A267B48} = {3C4AF272-12FA-4B58-BFCE-CCEEE12DB47A}
		{009AF46F-E6E6-4C52-8DDA-4B5FECE6845F} = {3C4AF272-12FA-4B58-BFCE-CCEEE12DB47A}
		{D7AA48AF-E1F7-4C56-A940-6976A77C24C8} = {3C4AF272-12FA-4B58-BFCE-CCEEE12DB47A}
		{D7C32684-CF44-42C6-A04D-A190144D5E41} = {3C4AF272-12FA-4B58-BFCE-CCEEE12DB47A}
		{88FFF462-29C4-40A3-AACF-8856E63FD413} = {3C4AF272-12FA-4B58-BFCE-CCEEE12DB47A}
	EndGlobalSection
EndGlobal
